
Microsoft Visual Studio Solution File, Format Version 12.00
# Visual Studio Version 17
VisualStudioVersion = 17.2.32630.192
MinimumVisualStudioVersion = 10.0.40219.1
Project("{FAE04EC0-301F-11D3-BF4B-00C04F79EFBC}") = "MVCUsingUnity", "MVCUsingUnity\MVCUsingUnity.csproj", "{72459D48-C1FA-4501-8B47-062975623C42}"
EndProject
Project("{FAE04EC0-301F-11D3-BF4B-00C04F79EFBC}") = "EntityCL", "EntityCL\EntityCL.csproj", "{483F22A9-DF74-40A7-9ACD-E97636EB017F}"
EndProject
Project("{FAE04EC0-301F-11D3-BF4B-00C04F79EFBC}") = "ServicesCL", "ServicesCL\ServicesCL.csproj", "{F238CC0C-CEA4-4394-93DA-B9BF0B336D89}"
EndProject
Global
	GlobalSection(SolutionConfigurationPlatforms) = preSolution
		Debug|Any CPU = Debug|Any CPU
		Release|Any CPU = Release|Any CPU
	EndGlobalSection
	GlobalSection(ProjectConfigurationPlatforms) = postSolution
		{72459D48-C1FA-4501-8B47-062975623C42}.Debug|Any CPU.ActiveCfg = Debug|Any CPU
		{72459D48-C1FA-4501-8B47-062975623C42}.Debug|Any CPU.Build.0 = Debug|Any CPU
		{72459D48-C1FA-4501-8B47-062975623C42}.Release|Any CPU.ActiveCfg = Release|Any CPU
		{72459D48-C1FA-4501-8B47-062975623C42}.Release|Any CPU.Build.0 = Release|Any CPU
		{483F22A9-DF74-40A7-9ACD-E97636EB017F}.Debug|Any CPU.ActiveCfg = Debug|Any CPU
		{483F22A9-DF74-40A7-9ACD-E97636EB017F}.Debug|Any CPU.Build.0 = Debug|Any CPU
		{483F22A9-DF74-40A7-9ACD-E97636EB017F}.Release|Any CPU.ActiveCfg = Release|Any CPU
		{483F22A9-DF74-40A7-9ACD-E97636EB017F}.Release|Any CPU.Build.0 = Release|Any CPU
		{F238CC0C-CEA4-4394-93DA-B9BF0B336D89}.Debug|Any CPU.ActiveCfg = Debug|Any CPU
		{F238CC0C-CEA4-4394-93DA-B9BF0B336D89}.Debug|Any CPU.Build.0 = Debug|Any CPU
		{F238CC0C-CEA4-4394-93DA-B9BF0B336D89}.Release|Any CPU.ActiveCfg = Release|Any CPU
		{F238CC0C-CEA4-4394-93DA-B9BF0B336D89}.Release|Any CPU.Build.0 = Release|Any CPU
	EndGlobalSection
	GlobalSection(SolutionProperties) = preSolution
		HideSolutionNode = FALSE
	EndGlobalSection
	GlobalSection(ExtensibilityGlobals) = postSolution
		SolutionGuid = {C5C8A2C4-EE86-49CA-ADA9-DE8AA812D9C5}
	EndGlobalSection
EndGlobal
